
Microsoft Visual Studio Solution File, Format Version 12.00
# Visual Studio Version 17
VisualStudioVersion = 17.10.34916.146
MinimumVisualStudioVersion = 10.0.40219.1
Project("{FAE04EC0-301F-11D3-BF4B-00C04F79EFBC}") = "YearBook", "YearBook\YearBook.csproj", "{8289405E-8BFE-48D1-842F-6C2A37A6AFAB}"
EndProject
Global
	GlobalSection(SolutionConfigurationPlatforms) = preSolution
		Debug|Any CPU = Debug|Any CPU
		Release|Any CPU = Release|Any CPU
	EndGlobalSection
	GlobalSection(ProjectConfigurationPlatforms) = postSolution
		{8289405E-8BFE-48D1-842F-6C2A37A6AFAB}.Debug|Any CPU.ActiveCfg = Debug|Any CPU
		{8289405E-8BFE-48D1-842F-6C2A37A6AFAB}.Debug|Any CPU.Build.0 = Debug|Any CPU
		{8289405E-8BFE-48D1-842F-6C2A37A6AFAB}.Release|Any CPU.ActiveCfg = Release|Any CPU
		{8289405E-8BFE-48D1-842F-6C2A37A6AFAB}.Release|Any CPU.Build.0 = Release|Any CPU
	EndGlobalSection
	GlobalSection(SolutionProperties) = preSolution
		HideSolutionNode = FALSE
	EndGlobalSection
	GlobalSection(ExtensibilityGlobals) = postSolution
		SolutionGuid = {762731E0-ED02-44B6-B80D-C131D036E65A}
	EndGlobalSection
EndGlobal
